
Microsoft Visual Studio Solution File, Format Version 12.00
# Visual Studio Version 17
VisualStudioVersion = 17.5.002.0
MinimumVisualStudioVersion = 10.0.40219.1
Project("{9A19103F-16F7-4668-BE54-9A1E7A4F7556}") = "MyWebApi", "MyWebApi.csproj", "{344F2560-2A3A-49D2-BA90-8F6E22BA59F5}"
EndProject
Global
	GlobalSection(SolutionConfigurationPlatforms) = preSolution
		Debug|Any CPU = Debug|Any CPU
		Release|Any CPU = Release|Any CPU
	EndGlobalSection
	GlobalSection(ProjectConfigurationPlatforms) = postSolution
		{344F2560-2A3A-49D2-BA90-8F6E22BA59F5}.Debug|Any CPU.ActiveCfg = Debug|Any CPU
		{344F2560-2A3A-49D2-BA90-8F6E22BA59F5}.Debug|Any CPU.Build.0 = Debug|Any CPU
		{344F2560-2A3A-49D2-BA90-8F6E22BA59F5}.Release|Any CPU.ActiveCfg = Release|Any CPU
		{344F2560-2A3A-49D2-BA90-8F6E22BA59F5}.Release|Any CPU.Build.0 = Release|Any CPU
	EndGlobalSection
	GlobalSection(SolutionProperties) = preSolution
		HideSolutionNode = FALSE
	EndGlobalSection
	GlobalSection(ExtensibilityGlobals) = postSolution
		SolutionGuid = {A9207B7D-48BA-4C88-87DC-B4105B1B63E4}
	EndGlobalSection
EndGlobal
